
Microsoft Visual Studio Solution File, Format Version 12.00
# Visual Studio Version 17
VisualStudioVersion = 17.13.35931.197 d17.13
MinimumVisualStudioVersion = 10.0.40219.1
Project("{FAE04EC0-301F-11D3-BF4B-00C04F79EFBC}") = "API_Reserva_Hotel", "API_Reserva_Hotel\API_Reserva_Hotel.csproj", "{70755B07-11F8-42D6-813D-27E929E96D5C}"
EndProject
Project("{FAE04EC0-301F-11D3-BF4B-00C04F79EFBC}") = "API_Hotel.Infrastructure", "API_Hotel.Infrastructure\API_Hotel.Infrastructure.csproj", "{694FE6C0-CB09-427C-849A-9F8C3EA2083E}"
EndProject
Project("{FAE04EC0-301F-11D3-BF4B-00C04F79EFBC}") = "API_Hotel.Application", "API_Hotel.Application\API_Hotel.Application.csproj", "{96DDFA3B-27FE-4ED2-99F3-6828D41FC4C3}"
EndProject
Project("{FAE04EC0-301F-11D3-BF4B-00C04F79EFBC}") = "API_Hotel.Domain", "API_Hotel.Domain\API_Hotel.Domain.csproj", "{C7F60561-9E63-4A1E-943F-791EFA572916}"
EndProject
Global
	GlobalSection(SolutionConfigurationPlatforms) = preSolution
		Debug|Any CPU = Debug|Any CPU
		Release|Any CPU = Release|Any CPU
	EndGlobalSection
	GlobalSection(ProjectConfigurationPlatforms) = postSolution
		{70755B07-11F8-42D6-813D-27E929E96D5C}.Debug|Any CPU.ActiveCfg = Debug|Any CPU
		{70755B07-11F8-42D6-813D-27E929E96D5C}.Debug|Any CPU.Build.0 = Debug|Any CPU
		{70755B07-11F8-42D6-813D-27E929E96D5C}.Release|Any CPU.ActiveCfg = Release|Any CPU
		{70755B07-11F8-42D6-813D-27E929E96D5C}.Release|Any CPU.Build.0 = Release|Any CPU
		{694FE6C0-CB09-427C-849A-9F8C3EA2083E}.Debug|Any CPU.ActiveCfg = Debug|Any CPU
		{694FE6C0-CB09-427C-849A-9F8C3EA2083E}.Debug|Any CPU.Build.0 = Debug|Any CPU
		{694FE6C0-CB09-427C-849A-9F8C3EA2083E}.Release|Any CPU.ActiveCfg = Release|Any CPU
		{694FE6C0-CB09-427C-849A-9F8C3EA2083E}.Release|Any CPU.Build.0 = Release|Any CPU
		{96DDFA3B-27FE-4ED2-99F3-6828D41FC4C3}.Debug|Any CPU.ActiveCfg = Debug|Any CPU
		{96DDFA3B-27FE-4ED2-99F3-6828D41FC4C3}.Debug|Any CPU.Build.0 = Debug|Any CPU
		{96DDFA3B-27FE-4ED2-99F3-6828D41FC4C3}.Release|Any CPU.ActiveCfg = Release|Any CPU
		{96DDFA3B-27FE-4ED2-99F3-6828D41FC4C3}.Release|Any CPU.Build.0 = Release|Any CPU
		{C7F60561-9E63-4A1E-943F-791EFA572916}.Debug|Any CPU.ActiveCfg = Debug|Any CPU
		{C7F60561-9E63-4A1E-943F-791EFA572916}.Debug|Any CPU.Build.0 = Debug|Any CPU
		{C7F60561-9E63-4A1E-943F-791EFA572916}.Release|Any CPU.ActiveCfg = Release|Any CPU
		{C7F60561-9E63-4A1E-943F-791EFA572916}.Release|Any CPU.Build.0 = Release|Any CPU
	EndGlobalSection
	GlobalSection(SolutionProperties) = preSolution
		HideSolutionNode = FALSE
	EndGlobalSection
	GlobalSection(ExtensibilityGlobals) = postSolution
		SolutionGuid = {C9E8641D-DA0F-4851-9012-09999F64B2AC}
	EndGlobalSection
EndGlobal
